
Microsoft Visual Studio Solution File, Format Version 12.00
# Visual Studio Version 16
VisualStudioVersion = 16.0.30621.155
MinimumVisualStudioVersion = 10.0.40219.1
Project("{FAE04EC0-301F-11D3-BF4B-00C04F79EFBC}") = "GoodsStruct", "GoodsStruct.csproj", "{2DE8FDBF-6096-424F-AE39-86D37C2A89CE}"
EndProject
Global
	GlobalSection(SolutionConfigurationPlatforms) = preSolution
		Debug|Any CPU = Debug|Any CPU
		Release|Any CPU = Release|Any CPU
	EndGlobalSection
	GlobalSection(ProjectConfigurationPlatforms) = postSolution
		{2DE8FDBF-6096-424F-AE39-86D37C2A89CE}.Debug|Any CPU.ActiveCfg = Debug|Any CPU
		{2DE8FDBF-6096-424F-AE39-86D37C2A89CE}.Debug|Any CPU.Build.0 = Debug|Any CPU
		{2DE8FDBF-6096-424F-AE39-86D37C2A89CE}.Release|Any CPU.ActiveCfg = Release|Any CPU
		{2DE8FDBF-6096-424F-AE39-86D37C2A89CE}.Release|Any CPU.Build.0 = Release|Any CPU
	EndGlobalSection
	GlobalSection(SolutionProperties) = preSolution
		HideSolutionNode = FALSE
	EndGlobalSection
	GlobalSection(ExtensibilityGlobals) = postSolution
		SolutionGuid = {D283322F-32E2-4B22-AF06-534D8069CB11}
	EndGlobalSection
EndGlobal
